// !$*UTF8*$!
{
	archiveVersion = 1;
	classes = {
	};
	objectVersion = 56;
	objects = {

/* Begin PBXBuildFile section */
		E11CE52E2AEA7FEB00D31961 /* Alamofire in Frameworks */ = {isa = PBXBuildFile; productRef = E11CE52D2AEA7FEB00D31961 /* Alamofire */; };
		E1B977092ADF15AC0095A5E9 /* PlayerDetailsTableViewCell.swift in Sources */ = {isa = PBXBuildFile; fileRef = E1B977072ADF15AC0095A5E9 /* PlayerDetailsTableViewCell.swift */; };
		E1B9770A2ADF15AC0095A5E9 /* PlayerDetailsTableViewCell.xib in Resources */ = {isa = PBXBuildFile; fileRef = E1B977082ADF15AC0095A5E9 /* PlayerDetailsTableViewCell.xib */; };
		E1B9770D2AE05ED70095A5E9 /* NetworkLayer.swift in Sources */ = {isa = PBXBuildFile; fileRef = E1B9770C2AE05ED70095A5E9 /* NetworkLayer.swift */; };
		E1FD6E6C2ADEBBCD002A069C /* AppDelegate.swift in Sources */ = {isa = PBXBuildFile; fileRef = E1FD6E6B2ADEBBCD002A069C /* AppDelegate.swift */; };
		E1FD6E6E2ADEBBCD002A069C /* SceneDelegate.swift in Sources */ = {isa = PBXBuildFile; fileRef = E1FD6E6D2ADEBBCD002A069C /* SceneDelegate.swift */; };
		E1FD6E702ADEBBCD002A069C /* ViewController.swift in Sources */ = {isa = PBXBuildFile; fileRef = E1FD6E6F2ADEBBCD002A069C /* ViewController.swift */; };
		E1FD6E732ADEBBCD002A069C /* Main.storyboard in Resources */ = {isa = PBXBuildFile; fileRef = E1FD6E712ADEBBCD002A069C /* Main.storyboard */; };
		E1FD6E752ADEBBCF002A069C /* Assets.xcassets in Resources */ = {isa = PBXBuildFile; fileRef = E1FD6E742ADEBBCF002A069C /* Assets.xcassets */; };
		E1FD6E782ADEBBCF002A069C /* LaunchScreen.storyboard in Resources */ = {isa = PBXBuildFile; fileRef = E1FD6E762ADEBBCF002A069C /* LaunchScreen.storyboard */; };
		E1FD6E832ADEBD29002A069C /* ScoreViewModel.swift in Sources */ = {isa = PBXBuildFile; fileRef = E1FD6E822ADEBD29002A069C /* ScoreViewModel.swift */; };
		E1FD6E862ADEBD93002A069C /* ScoreTableViewCell.swift in Sources */ = {isa = PBXBuildFile; fileRef = E1FD6E842ADEBD93002A069C /* ScoreTableViewCell.swift */; };
		E1FD6E872ADEBD93002A069C /* ScoreTableViewCell.xib in Resources */ = {isa = PBXBuildFile; fileRef = E1FD6E852ADEBD93002A069C /* ScoreTableViewCell.xib */; };
		E1FD6E8A2ADEC02D002A069C /* ScoreModel.swift in Sources */ = {isa = PBXBuildFile; fileRef = E1FD6E892ADEC02D002A069C /* ScoreModel.swift */; };
		E1FD6E8E2ADF1097002A069C /* PlayerDetailsViewController.swift in Sources */ = {isa = PBXBuildFile; fileRef = E1FD6E8D2ADF1097002A069C /* PlayerDetailsViewController.swift */; };
		E1FD6E902ADF10B0002A069C /* PlayerDetails.storyboard in Resources */ = {isa = PBXBuildFile; fileRef = E1FD6E8F2ADF10B0002A069C /* PlayerDetails.storyboard */; };
/* End PBXBuildFile section */

/* Begin PBXFileReference section */
		E1B977072ADF15AC0095A5E9 /* PlayerDetailsTableViewCell.swift */ = {isa = PBXFileReference; lastKnownFileType = sourcecode.swift; path = PlayerDetailsTableViewCell.swift; sourceTree = "<group>"; };
		E1B977082ADF15AC0095A5E9 /* PlayerDetailsTableViewCell.xib */ = {isa = PBXFileReference; lastKnownFileType = file.xib; path = PlayerDetailsTableViewCell.xib; sourceTree = "<group>"; };
		E1B9770C2AE05ED70095A5E9 /* NetworkLayer.swift */ = {isa = PBXFileReference; lastKnownFileType = sourcecode.swift; path = NetworkLayer.swift; sourceTree = "<group>"; };
		E1FD6E682ADEBBCD002A069C /* StarWars.app */ = {isa = PBXFileReference; explicitFileType = wrapper.application; includeInIndex = 0; path = StarWars.app; sourceTree = BUILT_PRODUCTS_DIR; };
		E1FD6E6B2ADEBBCD002A069C /* AppDelegate.swift */ = {isa = PBXFileReference; lastKnownFileType = sourcecode.swift; path = AppDelegate.swift; sourceTree = "<group>"; };
		E1FD6E6D2ADEBBCD002A069C /* SceneDelegate.swift */ = {isa = PBXFileReference; lastKnownFileType = sourcecode.swift; path = SceneDelegate.swift; sourceTree = "<group>"; };
		E1FD6E6F2ADEBBCD002A069C /* ViewController.swift */ = {isa = PBXFileReference; lastKnownFileType = sourcecode.swift; path = ViewController.swift; sourceTree = "<group>"; };
		E1FD6E722ADEBBCD002A069C /* Base */ = {isa = PBXFileReference; lastKnownFileType = file.storyboard; name = Base; path = Base.lproj/Main.storyboard; sourceTree = "<group>"; };
		E1FD6E742ADEBBCF002A069C /* Assets.xcassets */ = {isa = PBXFileReference; lastKnownFileType = folder.assetcatalog; path = Assets.xcassets; sourceTree = "<group>"; };
		E1FD6E772ADEBBCF002A069C /* Base */ = {isa = PBXFileReference; lastKnownFileType = file.storyboard; name = Base; path = Base.lproj/LaunchScreen.storyboard; sourceTree = "<group>"; };
		E1FD6E792ADEBBCF002A069C /* Info.plist */ = {isa = PBXFileReference; lastKnownFileType = text.plist.xml; path = Info.plist; sourceTree = "<group>"; };
		E1FD6E822ADEBD29002A069C /* ScoreViewModel.swift */ = {isa = PBXFileReference; lastKnownFileType = sourcecode.swift; path = ScoreViewModel.swift; sourceTree = "<group>"; };
		E1FD6E842ADEBD93002A069C /* ScoreTableViewCell.swift */ = {isa = PBXFileReference; lastKnownFileType = sourcecode.swift; path = ScoreTableViewCell.swift; sourceTree = "<group>"; };
		E1FD6E852ADEBD93002A069C /* ScoreTableViewCell.xib */ = {isa = PBXFileReference; lastKnownFileType = file.xib; path = ScoreTableViewCell.xib; sourceTree = "<group>"; };
		E1FD6E892ADEC02D002A069C /* ScoreModel.swift */ = {isa = PBXFileReference; lastKnownFileType = sourcecode.swift; path = ScoreModel.swift; sourceTree = "<group>"; };
		E1FD6E8D2ADF1097002A069C /* PlayerDetailsViewController.swift */ = {isa = PBXFileReference; lastKnownFileType = sourcecode.swift; path = PlayerDetailsViewController.swift; sourceTree = "<group>"; };
		E1FD6E8F2ADF10B0002A069C /* PlayerDetails.storyboard */ = {isa = PBXFileReference; lastKnownFileType = file.storyboard; path = PlayerDetails.storyboard; sourceTree = "<group>"; };
/* End PBXFileReference section */

/* Begin PBXFrameworksBuildPhase section */
		E1FD6E652ADEBBCD002A069C /* Frameworks */ = {
			isa = PBXFrameworksBuildPhase;
			buildActionMask = 2147483647;
			files = (
				E11CE52E2AEA7FEB00D31961 /* Alamofire in Frameworks */,
			);
			runOnlyForDeploymentPostprocessing = 0;
		};
/* End PBXFrameworksBuildPhase section */

/* Begin PBXGroup section */
		E17774F62AE8D4FD00FD4BD3 /* Networking */ = {
			isa = PBXGroup;
			children = (
				E1B9770C2AE05ED70095A5E9 /* NetworkLayer.swift */,
			);
			path = Networking;
			sourceTree = "<group>";
		};
		E17774F72AE8D55000FD4BD3 /* Modules */ = {
			isa = PBXGroup;
			children = (
				E1FD6E812ADEBD13002A069C /* ScoreBoard */,
				E1FD6E912ADF11C6002A069C /* PlayerDetails */,
			);
			path = Modules;
			sourceTree = "<group>";
		};
		E1B977062ADF153F0095A5E9 /* View */ = {
			isa = PBXGroup;
			children = (
				E1FD6E8D2ADF1097002A069C /* PlayerDetailsViewController.swift */,
				E1FD6E8F2ADF10B0002A069C /* PlayerDetails.storyboard */,
				E1B9770B2ADF15B00095A5E9 /* Cell */,
			);
			path = View;
			sourceTree = "<group>";
		};
		E1B9770B2ADF15B00095A5E9 /* Cell */ = {
			isa = PBXGroup;
			children = (
				E1B977072ADF15AC0095A5E9 /* PlayerDetailsTableViewCell.swift */,
				E1B977082ADF15AC0095A5E9 /* PlayerDetailsTableViewCell.xib */,
			);
			path = Cell;
			sourceTree = "<group>";
		};
		E1FD6E5F2ADEBBCD002A069C = {
			isa = PBXGroup;
			children = (
				E1FD6E6A2ADEBBCD002A069C /* StarWars */,
				E1FD6E692ADEBBCD002A069C /* Products */,
			);
			sourceTree = "<group>";
		};
		E1FD6E692ADEBBCD002A069C /* Products */ = {
			isa = PBXGroup;
			children = (
				E1FD6E682ADEBBCD002A069C /* StarWars.app */,
			);
			name = Products;
			sourceTree = "<group>";
		};
		E1FD6E6A2ADEBBCD002A069C /* StarWars */ = {
			isa = PBXGroup;
			children = (
				E1FD6E802ADEBD07002A069C /* Lifecycle */,
				E17774F72AE8D55000FD4BD3 /* Modules */,
				E17774F62AE8D4FD00FD4BD3 /* Networking */,
				E1FD6E742ADEBBCF002A069C /* Assets.xcassets */,
				E1FD6E762ADEBBCF002A069C /* LaunchScreen.storyboard */,
				E1FD6E792ADEBBCF002A069C /* Info.plist */,
			);
			path = StarWars;
			sourceTree = "<group>";
		};
		E1FD6E7F2ADEBCFE002A069C /* View */ = {
			isa = PBXGroup;
			children = (
				E1FD6E6F2ADEBBCD002A069C /* ViewController.swift */,
				E1FD6E712ADEBBCD002A069C /* Main.storyboard */,
				E1FD6E882ADEBF52002A069C /* Cells */,
			);
			path = View;
			sourceTree = "<group>";
		};
		E1FD6E802ADEBD07002A069C /* Lifecycle */ = {
			isa = PBXGroup;
			children = (
				E1FD6E6B2ADEBBCD002A069C /* AppDelegate.swift */,
				E1FD6E6D2ADEBBCD002A069C /* SceneDelegate.swift */,
			);
			path = Lifecycle;
			sourceTree = "<group>";
		};
		E1FD6E812ADEBD13002A069C /* ScoreBoard */ = {
			isa = PBXGroup;
			children = (
				E1FD6E7F2ADEBCFE002A069C /* View */,
				E1FD6E8C2ADEC0B6002A069C /* ViewModel */,
				E1FD6E8B2ADEC0AE002A069C /* Model */,
			);
			path = ScoreBoard;
			sourceTree = "<group>";
		};
		E1FD6E882ADEBF52002A069C /* Cells */ = {
			isa = PBXGroup;
			children = (
				E1FD6E842ADEBD93002A069C /* ScoreTableViewCell.swift */,
				E1FD6E852ADEBD93002A069C /* ScoreTableViewCell.xib */,
			);
			path = Cells;
			sourceTree = "<group>";
		};
		E1FD6E8B2ADEC0AE002A069C /* Model */ = {
			isa = PBXGroup;
			children = (
				E1FD6E892ADEC02D002A069C /* ScoreModel.swift */,
			);
			path = Model;
			sourceTree = "<group>";
		};
		E1FD6E8C2ADEC0B6002A069C /* ViewModel */ = {
			isa = PBXGroup;
			children = (
				E1FD6E822ADEBD29002A069C /* ScoreViewModel.swift */,
			);
			path = ViewModel;
			sourceTree = "<group>";
		};
		E1FD6E912ADF11C6002A069C /* PlayerDetails */ = {
			isa = PBXGroup;
			children = (
				E1B977062ADF153F0095A5E9 /* View */,
			);
			path = PlayerDetails;
			sourceTree = "<group>";
		};
/* End PBXGroup section */

/* Begin PBXNativeTarget section */
		E1FD6E672ADEBBCD002A069C /* StarWars */ = {
			isa = PBXNativeTarget;
			buildConfigurationList = E1FD6E7C2ADEBBCF002A069C /* Build configuration list for PBXNativeTarget "StarWars" */;
			buildPhases = (
				E1FD6E642ADEBBCD002A069C /* Sources */,
				E1FD6E652ADEBBCD002A069C /* Frameworks */,
				E1FD6E662ADEBBCD002A069C /* Resources */,
			);
			buildRules = (
			);
			dependencies = (
			);
			name = StarWars;
			packageProductDependencies = (
				E11CE52D2AEA7FEB00D31961 /* Alamofire */,
			);
			productName = StarWars;
			productReference = E1FD6E682ADEBBCD002A069C /* StarWars.app */;
			productType = "com.apple.product-type.application";
		};
/* End PBXNativeTarget section */

/* Begin PBXProject section */
		E1FD6E602ADEBBCD002A069C /* Project object */ = {
			isa = PBXProject;
			attributes = {
				BuildIndependentTargetsInParallel = 1;
				LastSwiftUpdateCheck = 1500;
				LastUpgradeCheck = 1500;
				TargetAttributes = {
					E1FD6E672ADEBBCD002A069C = {
						CreatedOnToolsVersion = 15.0;
					};
				};
			};
			buildConfigurationList = E1FD6E632ADEBBCD002A069C /* Build configuration list for PBXProject "StarWars" */;
			compatibilityVersion = "Xcode 14.0";
			developmentRegion = en;
			hasScannedForEncodings = 0;
			knownRegions = (
				en,
				Base,
			);
			mainGroup = E1FD6E5F2ADEBBCD002A069C;
			packageReferences = (
				E11CE52C2AEA7FEA00D31961 /* XCRemoteSwiftPackageReference "Alamofire" */,
			);
			productRefGroup = E1FD6E692ADEBBCD002A069C /* Products */;
			projectDirPath = "";
			projectRoot = "";
			targets = (
				E1FD6E672ADEBBCD002A069C /* StarWars */,
			);
		};
/* End PBXProject section */

/* Begin PBXResourcesBuildPhase section */
		E1FD6E662ADEBBCD002A069C /* Resources */ = {
			isa = PBXResourcesBuildPhase;
			buildActionMask = 2147483647;
			files = (
				E1FD6E782ADEBBCF002A069C /* LaunchScreen.storyboard in Resources */,
				E1FD6E752ADEBBCF002A069C /* Assets.xcassets in Resources */,
				E1FD6E872ADEBD93002A069C /* ScoreTableViewCell.xib in Resources */,
				E1FD6E732ADEBBCD002A069C /* Main.storyboard in Resources */,
				E1FD6E902ADF10B0002A069C /* PlayerDetails.storyboard in Resources */,
				E1B9770A2ADF15AC0095A5E9 /* PlayerDetailsTableViewCell.xib in Resources */,
			);
			runOnlyForDeploymentPostprocessing = 0;
		};
/* End PBXResourcesBuildPhase section */

/* Begin PBXSourcesBuildPhase section */
		E1FD6E642ADEBBCD002A069C /* Sources */ = {
			isa = PBXSourcesBuildPhase;
			buildActionMask = 2147483647;
			files = (
				E1B9770D2AE05ED70095A5E9 /* NetworkLayer.swift in Sources */,
				E1FD6E862ADEBD93002A069C /* ScoreTableViewCell.swift in Sources */,
				E1FD6E8A2ADEC02D002A069C /* ScoreModel.swift in Sources */,
				E1B977092ADF15AC0095A5E9 /* PlayerDetailsTableViewCell.swift in Sources */,
				E1FD6E702ADEBBCD002A069C /* ViewController.swift in Sources */,
				E1FD6E8E2ADF1097002A069C /* PlayerDetailsViewController.swift in Sources */,
				E1FD6E6C2ADEBBCD002A069C /* AppDelegate.swift in Sources */,
				E1FD6E6E2ADEBBCD002A069C /* SceneDelegate.swift in Sources */,
				E1FD6E832ADEBD29002A069C /* ScoreViewModel.swift in Sources */,
			);
			runOnlyForDeploymentPostprocessing = 0;
		};
/* End PBXSourcesBuildPhase section */

/* Begin PBXVariantGroup section */
		E1FD6E712ADEBBCD002A069C /* Main.storyboard */ = {
			isa = PBXVariantGroup;
			children = (
				E1FD6E722ADEBBCD002A069C /* Base */,
			);
			name = Main.storyboard;
			sourceTree = "<group>";
		};
		E1FD6E762ADEBBCF002A069C /* LaunchScreen.storyboard */ = {
			isa = PBXVariantGroup;
			children = (
				E1FD6E772ADEBBCF002A069C /* Base */,
			);
			name = LaunchScreen.storyboard;
			sourceTree = "<group>";
		};
/* End PBXVariantGroup section */

/* Begin XCBuildConfiguration section */
		E1FD6E7A2ADEBBCF002A069C /* Debug */ = {
			isa = XCBuildConfiguration;
			buildSettings = {
				ALWAYS_SEARCH_USER_PATHS = NO;
				ASSETCATALOG_COMPILER_GENERATE_SWIFT_ASSET_SYMBOL_EXTENSIONS = YES;
				CLANG_ANALYZER_NONNULL = YES;
				CLANG_ANALYZER_NUMBER_OBJECT_CONVERSION = YES_AGGRESSIVE;
				CLANG_CXX_LANGUAGE_STANDARD = "gnu++20";
				CLANG_ENABLE_MODULES = YES;
				CLANG_ENABLE_OBJC_ARC = YES;
				CLANG_ENABLE_OBJC_WEAK = YES;
				CLANG_WARN_BLOCK_CAPTURE_AUTORELEASING = YES;
				CLANG_WARN_BOOL_CONVERSION = YES;
				CLANG_WARN_COMMA = YES;
				CLANG_WARN_CONSTANT_CONVERSION = YES;
				CLANG_WARN_DEPRECATED_OBJC_IMPLEMENTATIONS = YES;
				CLANG_WARN_DIRECT_OBJC_ISA_USAGE = YES_ERROR;
				CLANG_WARN_DOCUMENTATION_COMMENTS = YES;
				CLANG_WARN_EMPTY_BODY = YES;
				CLANG_WARN_ENUM_CONVERSION = YES;
				CLANG_WARN_INFINITE_RECURSION = YES;
				CLANG_WARN_INT_CONVERSION = YES;
				CLANG_WARN_NON_LITERAL_NULL_CONVERSION = YES;
				CLANG_WARN_OBJC_IMPLICIT_RETAIN_SELF = YES;
				CLANG_WARN_OBJC_LITERAL_CONVERSION = YES;
				CLANG_WARN_OBJC_ROOT_CLASS = YES_ERROR;
				CLANG_WARN_QUOTED_INCLUDE_IN_FRAMEWORK_HEADER = YES;
				CLANG_WARN_RANGE_LOOP_ANALYSIS = YES;
				CLANG_WARN_STRICT_PROTOTYPES = YES;
				CLANG_WARN_SUSPICIOUS_MOVE = YES;
				CLANG_WARN_UNGUARDED_AVAILABILITY = YES_AGGRESSIVE;
				CLANG_WARN_UNREACHABLE_CODE = YES;
				CLANG_WARN__DUPLICATE_METHOD_MATCH = YES;
				COPY_PHASE_STRIP = NO;
				DEBUG_INFORMATION_FORMAT = dwarf;
				ENABLE_STRICT_OBJC_MSGSEND = YES;
				ENABLE_TESTABILITY = YES;
				ENABLE_USER_SCRIPT_SANDBOXING = YES;
				GCC_C_LANGUAGE_STANDARD = gnu17;
				GCC_DYNAMIC_NO_PIC = NO;
				GCC_NO_COMMON_BLOCKS = YES;
				GCC_OPTIMIZATION_LEVEL = 0;
				GCC_PREPROCESSOR_DEFINITIONS = (
					"DEBUG=1",
					"$(inherited)",
				);
				GCC_WARN_64_TO_32_BIT_CONVERSION = YES;
				GCC_WARN_ABOUT_RETURN_TYPE = YES_ERROR;
				GCC_WARN_UNDECLARED_SELECTOR = YES;
				GCC_WARN_UNINITIALIZED_AUTOS = YES_AGGRESSIVE;
				GCC_WARN_UNUSED_FUNCTION = YES;
				GCC_WARN_UNUSED_VARIABLE = YES;
				IPHONEOS_DEPLOYMENT_TARGET = 17.0;
				LOCALIZATION_PREFERS_STRING_CATALOGS = YES;
				MTL_ENABLE_DEBUG_INFO = INCLUDE_SOURCE;
				MTL_FAST_MATH = YES;
				ONLY_ACTIVE_ARCH = YES;
				SDKROOT = iphoneos;
				SWIFT_ACTIVE_COMPILATION_CONDITIONS = "DEBUG $(inherited)";
				SWIFT_OPTIMIZATION_LEVEL = "-Onone";
			};
			name = Debug;
		};
		E1FD6E7B2ADEBBCF002A069C /* Release */ = {
			isa = XCBuildConfiguration;
			buildSettings = {
				ALWAYS_SEARCH_USER_PATHS = NO;
				ASSETCATALOG_COMPILER_GENERATE_SWIFT_ASSET_SYMBOL_EXTENSIONS = YES;
				CLANG_ANALYZER_NONNULL = YES;
				CLANG_ANALYZER_NUMBER_OBJECT_CONVERSION = YES_AGGRESSIVE;
				CLANG_CXX_LANGUAGE_STANDARD = "gnu++20";
				CLANG_ENABLE_MODULES = YES;
				CLANG_ENABLE_OBJC_ARC = YES;
				CLANG_ENABLE_OBJC_WEAK = YES;
				CLANG_WARN_BLOCK_CAPTURE_AUTORELEASING = YES;
				CLANG_WARN_BOOL_CONVERSION = YES;
				CLANG_WARN_COMMA = YES;
				CLANG_WARN_CONSTANT_CONVERSION = YES;
				CLANG_WARN_DEPRECATED_OBJC_IMPLEMENTATIONS = YES;
				CLANG_WARN_DIRECT_OBJC_ISA_USAGE = YES_ERROR;
				CLANG_WARN_DOCUMENTATION_COMMENTS = YES;
				CLANG_WARN_EMPTY_BODY = YES;
				CLANG_WARN_ENUM_CONVERSION = YES;
				CLANG_WARN_INFINITE_RECURSION = YES;
				CLANG_WARN_INT_CONVERSION = YES;
				CLANG_WARN_NON_LITERAL_NULL_CONVERSION = YES;
				CLANG_WARN_OBJC_IMPLICIT_RETAIN_SELF = YES;
				CLANG_WARN_OBJC_LITERAL_CONVERSION = YES;
				CLANG_WARN_OBJC_ROOT_CLASS = YES_ERROR;
				CLANG_WARN_QUOTED_INCLUDE_IN_FRAMEWORK_HEADER = YES;
				CLANG_WARN_RANGE_LOOP_ANALYSIS = YES;
				CLANG_WARN_STRICT_PROTOTYPES = YES;
				CLANG_WARN_SUSPICIOUS_MOVE = YES;
				CLANG_WARN_UNGUARDED_AVAILABILITY = YES_AGGRESSIVE;
				CLANG_WARN_UNREACHABLE_CODE = YES;
				CLANG_WARN__DUPLICATE_METHOD_MATCH = YES;
				COPY_PHASE_STRIP = NO;
				DEBUG_INFORMATION_FORMAT = "dwarf-with-dsym";
				ENABLE_NS_ASSERTIONS = NO;
				ENABLE_STRICT_OBJC_MSGSEND = YES;
				ENABLE_USER_SCRIPT_SANDBOXING = YES;
				GCC_C_LANGUAGE_STANDARD = gnu17;
				GCC_NO_COMMON_BLOCKS = YES;
				GCC_WARN_64_TO_32_BIT_CONVERSION = YES;
				GCC_WARN_ABOUT_RETURN_TYPE = YES_ERROR;
				GCC_WARN_UNDECLARED_SELECTOR = YES;
				GCC_WARN_UNINITIALIZED_AUTOS = YES_AGGRESSIVE;
				GCC_WARN_UNUSED_FUNCTION = YES;
				GCC_WARN_UNUSED_VARIABLE = YES;
				IPHONEOS_DEPLOYMENT_TARGET = 17.0;
				LOCALIZATION_PREFERS_STRING_CATALOGS = YES;
				MTL_ENABLE_DEBUG_INFO = NO;
				MTL_FAST_MATH = YES;
				SDKROOT = iphoneos;
				SWIFT_COMPILATION_MODE = wholemodule;
				VALIDATE_PRODUCT = YES;
			};
			name = Release;
		};
		E1FD6E7D2ADEBBCF002A069C /* Debug */ = {
			isa = XCBuildConfiguration;
			buildSettings = {
				ASSETCATALOG_COMPILER_APPICON_NAME = AppIcon;
				ASSETCATALOG_COMPILER_GLOBAL_ACCENT_COLOR_NAME = AccentColor;
				ASSETCATALOG_COMPILER_INCLUDE_ALL_APPICON_ASSETS = NO;
				CODE_SIGN_STYLE = Automatic;
				CURRENT_PROJECT_VERSION = 1;
				DEVELOPMENT_TEAM = "";
				GENERATE_INFOPLIST_FILE = YES;
				INFOPLIST_FILE = StarWars/Info.plist;
				INFOPLIST_KEY_UIApplicationSupportsIndirectInputEvents = YES;
				INFOPLIST_KEY_UILaunchStoryboardName = "";
				INFOPLIST_KEY_UIMainStoryboardFile = Main;
				INFOPLIST_KEY_UIRequiresFullScreen = NO;
				INFOPLIST_KEY_UIStatusBarHidden = NO;
				INFOPLIST_KEY_UIStatusBarStyle = "";
				INFOPLIST_KEY_UISupportedInterfaceOrientations = "UIInterfaceOrientationLandscapeLeft UIInterfaceOrientationLandscapeRight UIInterfaceOrientationPortrait";
				INFOPLIST_KEY_UISupportedInterfaceOrientations_iPad = "UIInterfaceOrientationLandscapeLeft UIInterfaceOrientationLandscapeRight UIInterfaceOrientationPortrait UIInterfaceOrientationPortraitUpsideDown";
				LD_RUNPATH_SEARCH_PATHS = (
					"$(inherited)",
					"@executable_path/Frameworks",
				);
				MARKETING_VERSION = 1.0;
				PRODUCT_BUNDLE_IDENTIFIER = SRK.StarWars;
				PRODUCT_NAME = "$(TARGET_NAME)";
				SWIFT_EMIT_LOC_STRINGS = YES;
				SWIFT_VERSION = 5.0;
				TARGETED_DEVICE_FAMILY = "1,2";
			};
			name = Debug;
		};
		E1FD6E7E2ADEBBCF002A069C /* Release */ = {
			isa = XCBuildConfiguration;
			buildSettings = {
				ASSETCATALOG_COMPILER_APPICON_NAME = AppIcon;
				ASSETCATALOG_COMPILER_GLOBAL_ACCENT_COLOR_NAME = AccentColor;
				ASSETCATALOG_COMPILER_INCLUDE_ALL_APPICON_ASSETS = NO;
				CODE_SIGN_STYLE = Automatic;
				CURRENT_PROJECT_VERSION = 1;
				DEVELOPMENT_TEAM = "";
				GENERATE_INFOPLIST_FILE = YES;
				INFOPLIST_FILE = StarWars/Info.plist;
				INFOPLIST_KEY_UIApplicationSupportsIndirectInputEvents = YES;
				INFOPLIST_KEY_UILaunchStoryboardName = "";
				INFOPLIST_KEY_UIMainStoryboardFile = Main;
				INFOPLIST_KEY_UIRequiresFullScreen = NO;
				INFOPLIST_KEY_UIStatusBarHidden = NO;
				INFOPLIST_KEY_UIStatusBarStyle = "";
				INFOPLIST_KEY_UISupportedInterfaceOrientations = "UIInterfaceOrientationLandscapeLeft UIInterfaceOrientationLandscapeRight UIInterfaceOrientationPortrait";
				INFOPLIST_KEY_UISupportedInterfaceOrientations_iPad = "UIInterfaceOrientationLandscapeLeft UIInterfaceOrientationLandscapeRight UIInterfaceOrientationPortrait UIInterfaceOrientationPortraitUpsideDown";
				LD_RUNPATH_SEARCH_PATHS = (
					"$(inherited)",
					"@executable_path/Frameworks",
				);
				MARKETING_VERSION = 1.0;
				PRODUCT_BUNDLE_IDENTIFIER = SRK.StarWars;
				PRODUCT_NAME = "$(TARGET_NAME)";
				SWIFT_EMIT_LOC_STRINGS = YES;
				SWIFT_VERSION = 5.0;
				TARGETED_DEVICE_FAMILY = "1,2";
			};
			name = Release;
		};
/* End XCBuildConfiguration section */

/* Begin XCConfigurationList section */
		E1FD6E632ADEBBCD002A069C /* Build configuration list for PBXProject "StarWars" */ = {
			isa = XCConfigurationList;
			buildConfigurations = (
				E1FD6E7A2ADEBBCF002A069C /* Debug */,
				E1FD6E7B2ADEBBCF002A069C /* Release */,
			);
			defaultConfigurationIsVisible = 0;
			defaultConfigurationName = Release;
		};
		E1FD6E7C2ADEBBCF002A069C /* Build configuration list for PBXNativeTarget "StarWars" */ = {
			isa = XCConfigurationList;
			buildConfigurations = (
				E1FD6E7D2ADEBBCF002A069C /* Debug */,
				E1FD6E7E2ADEBBCF002A069C /* Release */,
			);
			defaultConfigurationIsVisible = 0;
			defaultConfigurationName = Release;
		};
/* End XCConfigurationList section */

/* Begin XCRemoteSwiftPackageReference section */
		E11CE52C2AEA7FEA00D31961 /* XCRemoteSwiftPackageReference "Alamofire" */ = {
			isa = XCRemoteSwiftPackageReference;
			repositoryURL = "https://github.com/Alamofire/Alamofire.git";
			requirement = {
				kind = upToNextMajorVersion;
				minimumVersion = 5.8.0;
			};
		};
/* End XCRemoteSwiftPackageReference section */

/* Begin XCSwiftPackageProductDependency section */
		E11CE52D2AEA7FEB00D31961 /* Alamofire */ = {
			isa = XCSwiftPackageProductDependency;
			package = E11CE52C2AEA7FEA00D31961 /* XCRemoteSwiftPackageReference "Alamofire" */;
			productName = Alamofire;
		};
/* End XCSwiftPackageProductDependency section */
	};
	rootObject = E1FD6E602ADEBBCD002A069C /* Project object */;
}
